
Microsoft Visual Studio Solution File, Format Version 12.00
# Visual Studio Version 17
VisualStudioVersion = 17.6.33829.357
MinimumVisualStudioVersion = 10.0.40219.1
Project("{FAE04EC0-301F-11D3-BF4B-00C04F79EFBC}") = "BackupRestoreDB", "BackupRestoreDB\BackupRestoreDB.csproj", "{F3A1E30D-EA25-4125-8238-21051199CE73}"
EndProject
Global
	GlobalSection(SolutionConfigurationPlatforms) = preSolution
		Debug|Any CPU = Debug|Any CPU
		Release|Any CPU = Release|Any CPU
	EndGlobalSection
	GlobalSection(ProjectConfigurationPlatforms) = postSolution
		{F3A1E30D-EA25-4125-8238-21051199CE73}.Debug|Any CPU.ActiveCfg = Debug|Any CPU
		{F3A1E30D-EA25-4125-8238-21051199CE73}.Debug|Any CPU.Build.0 = Debug|Any CPU
		{F3A1E30D-EA25-4125-8238-21051199CE73}.Release|Any CPU.ActiveCfg = Release|Any CPU
		{F3A1E30D-EA25-4125-8238-21051199CE73}.Release|Any CPU.Build.0 = Release|Any CPU
	EndGlobalSection
	GlobalSection(SolutionProperties) = preSolution
		HideSolutionNode = FALSE
	EndGlobalSection
	GlobalSection(ExtensibilityGlobals) = postSolution
		SolutionGuid = {CFEFA5DE-0DDA-4C4A-A199-B91EB845B7F3}
	EndGlobalSection
EndGlobal
